// !$*UTF8*$!
{
	archiveVersion = 1;
	classes = {
	};
	objectVersion = 46;
	objects = {

/* Begin PBXBuildFile section */
		FEDC4CCF1C9F000900D56320 /* main.cpp in Sources */ = {isa = PBXBuildFile; fileRef = FEDC4CCE1C9F000900D56320 /* main.cpp */; };
/* End PBXBuildFile section */

/* Begin PBXCopyFilesBuildPhase section */
		FEDC4CC91C9F000900D56320 /* CopyFiles */ = {
			isa = PBXCopyFilesBuildPhase;
			buildActionMask = 2147483647;
			dstPath = /usr/share/man/man1/;
			dstSubfolderSpec = 0;
			files = (
			);
			runOnlyForDeploymentPostprocessing = 1;
		};
/* End PBXCopyFilesBuildPhase section */

/* Begin PBXFileReference section */
		FE82E5A61CA92DE00057DBB5 /* range.hpp */ = {isa = PBXFileReference; lastKnownFileType = sourcecode.cpp.h; path = range.hpp; sourceTree = "<group>"; };
		FE82E5A71CA92DEE0057DBB5 /* linq.hpp */ = {isa = PBXFileReference; lastKnownFileType = sourcecode.cpp.h; path = linq.hpp; sourceTree = "<group>"; };
		FE82E5A81CA92DF90057DBB5 /* stream.hpp */ = {isa = PBXFileReference; lastKnownFileType = sourcecode.cpp.h; path = stream.hpp; sourceTree = "<group>"; };
		FE82E5AA1CA933D30057DBB5 /* basic_range.hpp */ = {isa = PBXFileReference; lastKnownFileType = sourcecode.cpp.h; path = basic_range.hpp; sourceTree = "<group>"; };
		FE82E5AB1CA933EA0057DBB5 /* iterator_range.hpp */ = {isa = PBXFileReference; lastKnownFileType = sourcecode.cpp.h; path = iterator_range.hpp; sourceTree = "<group>"; };
		FE82E5AC1CA933FB0057DBB5 /* ref_range.hpp */ = {isa = PBXFileReference; lastKnownFileType = sourcecode.cpp.h; path = ref_range.hpp; sourceTree = "<group>"; };
		FE82E5AD1CA9341B0057DBB5 /* owner_range.hpp */ = {isa = PBXFileReference; lastKnownFileType = sourcecode.cpp.h; path = owner_range.hpp; sourceTree = "<group>"; };
		FE82E5AE1CA9342A0057DBB5 /* filter_range.hpp */ = {isa = PBXFileReference; lastKnownFileType = sourcecode.cpp.h; path = filter_range.hpp; sourceTree = "<group>"; };
		FE82E5AF1CA9343A0057DBB5 /* transform_range.hpp */ = {isa = PBXFileReference; lastKnownFileType = sourcecode.cpp.h; path = transform_range.hpp; sourceTree = "<group>"; };
		FE82E5B01CA934530057DBB5 /* num_range.hpp */ = {isa = PBXFileReference; lastKnownFileType = sourcecode.cpp.h; path = num_range.hpp; sourceTree = "<group>"; };
		FE82E5B11CA934620057DBB5 /* take_n_range.hpp */ = {isa = PBXFileReference; lastKnownFileType = sourcecode.cpp.h; path = take_n_range.hpp; sourceTree = "<group>"; };
		FE82E5B21CA93BF40057DBB5 /* pipeable_operator.hpp */ = {isa = PBXFileReference; lastKnownFileType = sourcecode.cpp.h; path = pipeable_operator.hpp; sourceTree = "<group>"; };
		FE82E5B31CA93C270057DBB5 /* filter_operator.hpp */ = {isa = PBXFileReference; lastKnownFileType = sourcecode.cpp.h; path = filter_operator.hpp; sourceTree = "<group>"; };
		FE82E5B41CA93C3F0057DBB5 /* transform_operator.hpp */ = {isa = PBXFileReference; lastKnownFileType = sourcecode.cpp.h; path = transform_operator.hpp; sourceTree = "<group>"; };
		FE82E5B51CA93C500057DBB5 /* take_n_operator.hpp */ = {isa = PBXFileReference; lastKnownFileType = sourcecode.cpp.h; path = take_n_operator.hpp; sourceTree = "<group>"; };
		FE82E5B61CA96F6B0057DBB5 /* repeat_range.hpp */ = {isa = PBXFileReference; lastKnownFileType = sourcecode.cpp.h; path = repeat_range.hpp; sourceTree = "<group>"; };
		FE82E5B71CA974260057DBB5 /* repeat_operator.hpp */ = {isa = PBXFileReference; lastKnownFileType = sourcecode.cpp.h; path = repeat_operator.hpp; sourceTree = "<group>"; };
		FE82E5B81CA97DF10057DBB5 /* zip_range.hpp */ = {isa = PBXFileReference; lastKnownFileType = sourcecode.cpp.h; path = zip_range.hpp; sourceTree = "<group>"; };
		FE82E5B91CA97EF00057DBB5 /* zip_operator.hpp */ = {isa = PBXFileReference; lastKnownFileType = sourcecode.cpp.h; path = zip_operator.hpp; sourceTree = "<group>"; };
		FE82E5BA1CAAADEB0057DBB5 /* concat_range.hpp */ = {isa = PBXFileReference; lastKnownFileType = sourcecode.cpp.h; path = concat_range.hpp; sourceTree = "<group>"; };
		FE82E5BB1CAAB0460057DBB5 /* concat_operator.hpp */ = {isa = PBXFileReference; lastKnownFileType = sourcecode.cpp.h; path = concat_operator.hpp; sourceTree = "<group>"; };
		FE82E5BC1CAAB43E0057DBB5 /* join_range.hpp */ = {isa = PBXFileReference; lastKnownFileType = sourcecode.cpp.h; path = join_range.hpp; sourceTree = "<group>"; };
		FE82E5BD1CAAB8860057DBB5 /* join_operator.hpp */ = {isa = PBXFileReference; lastKnownFileType = sourcecode.cpp.h; path = join_operator.hpp; sourceTree = "<group>"; };
		FE82E5BE1CAAC3E20057DBB5 /* for_each_range.hpp */ = {isa = PBXFileReference; lastKnownFileType = sourcecode.cpp.h; path = for_each_range.hpp; sourceTree = "<group>"; };
		FE82E5BF1CAACEB20057DBB5 /* flatten_range.hpp */ = {isa = PBXFileReference; lastKnownFileType = sourcecode.cpp.h; path = flatten_range.hpp; sourceTree = "<group>"; };
		FEDC4CCB1C9F000900D56320 /* mrl */ = {isa = PBXFileReference; explicitFileType = "compiled.mach-o.executable"; includeInIndex = 0; path = mrl; sourceTree = BUILT_PRODUCTS_DIR; };
		FEDC4CCE1C9F000900D56320 /* main.cpp */ = {isa = PBXFileReference; lastKnownFileType = sourcecode.cpp.cpp; path = main.cpp; sourceTree = "<group>"; };
/* End PBXFileReference section */

/* Begin PBXFrameworksBuildPhase section */
		FEDC4CC81C9F000900D56320 /* Frameworks */ = {
			isa = PBXFrameworksBuildPhase;
			buildActionMask = 2147483647;
			files = (
			);
			runOnlyForDeploymentPostprocessing = 0;
		};
/* End PBXFrameworksBuildPhase section */

/* Begin PBXGroup section */
		FE82E5A91CA933C10057DBB5 /* details */ = {
			isa = PBXGroup;
			children = (
				FE82E5AA1CA933D30057DBB5 /* basic_range.hpp */,
				FE82E5AB1CA933EA0057DBB5 /* iterator_range.hpp */,
				FE82E5AC1CA933FB0057DBB5 /* ref_range.hpp */,
				FE82E5AD1CA9341B0057DBB5 /* owner_range.hpp */,
				FE82E5AE1CA9342A0057DBB5 /* filter_range.hpp */,
				FE82E5AF1CA9343A0057DBB5 /* transform_range.hpp */,
				FE82E5B01CA934530057DBB5 /* num_range.hpp */,
				FE82E5B11CA934620057DBB5 /* take_n_range.hpp */,
				FE82E5B21CA93BF40057DBB5 /* pipeable_operator.hpp */,
				FE82E5B31CA93C270057DBB5 /* filter_operator.hpp */,
				FE82E5B41CA93C3F0057DBB5 /* transform_operator.hpp */,
				FE82E5B51CA93C500057DBB5 /* take_n_operator.hpp */,
				FE82E5B61CA96F6B0057DBB5 /* repeat_range.hpp */,
				FE82E5B71CA974260057DBB5 /* repeat_operator.hpp */,
				FE82E5B81CA97DF10057DBB5 /* zip_range.hpp */,
				FE82E5B91CA97EF00057DBB5 /* zip_operator.hpp */,
				FE82E5BA1CAAADEB0057DBB5 /* concat_range.hpp */,
				FE82E5BB1CAAB0460057DBB5 /* concat_operator.hpp */,
				FE82E5BC1CAAB43E0057DBB5 /* join_range.hpp */,
				FE82E5BD1CAAB8860057DBB5 /* join_operator.hpp */,
				FE82E5BE1CAAC3E20057DBB5 /* for_each_range.hpp */,
				FE82E5BF1CAACEB20057DBB5 /* flatten_range.hpp */,
			);
			name = details;
			sourceTree = "<group>";
		};
		FEDC4CC21C9F000900D56320 = {
			isa = PBXGroup;
			children = (
				FEDC4CCD1C9F000900D56320 /* mrl */,
				FEDC4CCC1C9F000900D56320 /* Products */,
			);
			sourceTree = "<group>";
		};
		FEDC4CCC1C9F000900D56320 /* Products */ = {
			isa = PBXGroup;
			children = (
				FEDC4CCB1C9F000900D56320 /* mrl */,
			);
			name = Products;
			sourceTree = "<group>";
		};
		FEDC4CCD1C9F000900D56320 /* mrl */ = {
			isa = PBXGroup;
			children = (
				FE82E5A91CA933C10057DBB5 /* details */,
				FEDC4CCE1C9F000900D56320 /* main.cpp */,
				FE82E5A61CA92DE00057DBB5 /* range.hpp */,
				FE82E5A71CA92DEE0057DBB5 /* linq.hpp */,
				FE82E5A81CA92DF90057DBB5 /* stream.hpp */,
			);
			path = mrl;
			sourceTree = "<group>";
		};
/* End PBXGroup section */

/* Begin PBXNativeTarget section */
		FEDC4CCA1C9F000900D56320 /* mrl */ = {
			isa = PBXNativeTarget;
			buildConfigurationList = FEDC4CD21C9F000900D56320 /* Build configuration list for PBXNativeTarget "mrl" */;
			buildPhases = (
				FEDC4CC71C9F000900D56320 /* Sources */,
				FEDC4CC81C9F000900D56320 /* Frameworks */,
				FEDC4CC91C9F000900D56320 /* CopyFiles */,
			);
			buildRules = (
			);
			dependencies = (
			);
			name = mrl;
			productName = mrl;
			productReference = FEDC4CCB1C9F000900D56320 /* mrl */;
			productType = "com.apple.product-type.tool";
		};
/* End PBXNativeTarget section */

/* Begin PBXProject section */
		FEDC4CC31C9F000900D56320 /* Project object */ = {
			isa = PBXProject;
			attributes = {
				LastUpgradeCheck = 0720;
				ORGANIZATIONNAME = "Jérémy Demeule";
				TargetAttributes = {
					FEDC4CCA1C9F000900D56320 = {
						CreatedOnToolsVersion = 7.2;
					};
				};
			};
			buildConfigurationList = FEDC4CC61C9F000900D56320 /* Build configuration list for PBXProject "mrl" */;
			compatibilityVersion = "Xcode 3.2";
			developmentRegion = English;
			hasScannedForEncodings = 0;
			knownRegions = (
				en,
			);
			mainGroup = FEDC4CC21C9F000900D56320;
			productRefGroup = FEDC4CCC1C9F000900D56320 /* Products */;
			projectDirPath = "";
			projectRoot = "";
			targets = (
				FEDC4CCA1C9F000900D56320 /* mrl */,
			);
		};
/* End PBXProject section */

/* Begin PBXSourcesBuildPhase section */
		FEDC4CC71C9F000900D56320 /* Sources */ = {
			isa = PBXSourcesBuildPhase;
			buildActionMask = 2147483647;
			files = (
				FEDC4CCF1C9F000900D56320 /* main.cpp in Sources */,
			);
			runOnlyForDeploymentPostprocessing = 0;
		};
/* End PBXSourcesBuildPhase section */

/* Begin XCBuildConfiguration section */
		FEDC4CD01C9F000900D56320 /* Debug */ = {
			isa = XCBuildConfiguration;
			buildSettings = {
				ALWAYS_SEARCH_USER_PATHS = NO;
				CLANG_CXX_LANGUAGE_STANDARD = "gnu++0x";
				CLANG_CXX_LIBRARY = "libc++";
				CLANG_ENABLE_MODULES = YES;
				CLANG_ENABLE_OBJC_ARC = YES;
				CLANG_WARN_BOOL_CONVERSION = YES;
				CLANG_WARN_CONSTANT_CONVERSION = YES;
				CLANG_WARN_DIRECT_OBJC_ISA_USAGE = YES_ERROR;
				CLANG_WARN_EMPTY_BODY = YES;
				CLANG_WARN_ENUM_CONVERSION = YES;
				CLANG_WARN_INT_CONVERSION = YES;
				CLANG_WARN_OBJC_ROOT_CLASS = YES_ERROR;
				CLANG_WARN_UNREACHABLE_CODE = YES;
				CLANG_WARN__DUPLICATE_METHOD_MATCH = YES;
				CODE_SIGN_IDENTITY = "-";
				COPY_PHASE_STRIP = NO;
				DEBUG_INFORMATION_FORMAT = dwarf;
				ENABLE_STRICT_OBJC_MSGSEND = YES;
				ENABLE_TESTABILITY = YES;
				GCC_C_LANGUAGE_STANDARD = gnu99;
				GCC_DYNAMIC_NO_PIC = NO;
				GCC_NO_COMMON_BLOCKS = YES;
				GCC_OPTIMIZATION_LEVEL = 0;
				GCC_PREPROCESSOR_DEFINITIONS = (
					"DEBUG=1",
					"$(inherited)",
				);
				GCC_WARN_64_TO_32_BIT_CONVERSION = YES;
				GCC_WARN_ABOUT_RETURN_TYPE = YES_ERROR;
				GCC_WARN_UNDECLARED_SELECTOR = YES;
				GCC_WARN_UNINITIALIZED_AUTOS = YES_AGGRESSIVE;
				GCC_WARN_UNUSED_FUNCTION = YES;
				GCC_WARN_UNUSED_VARIABLE = YES;
				MACOSX_DEPLOYMENT_TARGET = 10.11;
				MTL_ENABLE_DEBUG_INFO = YES;
				ONLY_ACTIVE_ARCH = YES;
				SDKROOT = macosx;
			};
			name = Debug;
		};
		FEDC4CD11C9F000900D56320 /* Release */ = {
			isa = XCBuildConfiguration;
			buildSettings = {
				ALWAYS_SEARCH_USER_PATHS = NO;
				CLANG_CXX_LANGUAGE_STANDARD = "gnu++0x";
				CLANG_CXX_LIBRARY = "libc++";
				CLANG_ENABLE_MODULES = YES;
				CLANG_ENABLE_OBJC_ARC = YES;
				CLANG_WARN_BOOL_CONVERSION = YES;
				CLANG_WARN_CONSTANT_CONVERSION = YES;
				CLANG_WARN_DIRECT_OBJC_ISA_USAGE = YES_ERROR;
				CLANG_WARN_EMPTY_BODY = YES;
				CLANG_WARN_ENUM_CONVERSION = YES;
				CLANG_WARN_INT_CONVERSION = YES;
				CLANG_WARN_OBJC_ROOT_CLASS = YES_ERROR;
				CLANG_WARN_UNREACHABLE_CODE = YES;
				CLANG_WARN__DUPLICATE_METHOD_MATCH = YES;
				CODE_SIGN_IDENTITY = "-";
				COPY_PHASE_STRIP = NO;
				DEBUG_INFORMATION_FORMAT = "dwarf-with-dsym";
				ENABLE_NS_ASSERTIONS = NO;
				ENABLE_STRICT_OBJC_MSGSEND = YES;
				GCC_C_LANGUAGE_STANDARD = gnu99;
				GCC_NO_COMMON_BLOCKS = YES;
				GCC_WARN_64_TO_32_BIT_CONVERSION = YES;
				GCC_WARN_ABOUT_RETURN_TYPE = YES_ERROR;
				GCC_WARN_UNDECLARED_SELECTOR = YES;
				GCC_WARN_UNINITIALIZED_AUTOS = YES_AGGRESSIVE;
				GCC_WARN_UNUSED_FUNCTION = YES;
				GCC_WARN_UNUSED_VARIABLE = YES;
				MACOSX_DEPLOYMENT_TARGET = 10.11;
				MTL_ENABLE_DEBUG_INFO = NO;
				SDKROOT = macosx;
			};
			name = Release;
		};
		FEDC4CD31C9F000900D56320 /* Debug */ = {
			isa = XCBuildConfiguration;
			buildSettings = {
				CLANG_CXX_LANGUAGE_STANDARD = "c++14";
				PRODUCT_NAME = "$(TARGET_NAME)";
			};
			name = Debug;
		};
		FEDC4CD41C9F000900D56320 /* Release */ = {
			isa = XCBuildConfiguration;
			buildSettings = {
				CLANG_CXX_LANGUAGE_STANDARD = "c++14";
				PRODUCT_NAME = "$(TARGET_NAME)";
			};
			name = Release;
		};
/* End XCBuildConfiguration section */

/* Begin XCConfigurationList section */
		FEDC4CC61C9F000900D56320 /* Build configuration list for PBXProject "mrl" */ = {
			isa = XCConfigurationList;
			buildConfigurations = (
				FEDC4CD01C9F000900D56320 /* Debug */,
				FEDC4CD11C9F000900D56320 /* Release */,
			);
			defaultConfigurationIsVisible = 0;
			defaultConfigurationName = Release;
		};
		FEDC4CD21C9F000900D56320 /* Build configuration list for PBXNativeTarget "mrl" */ = {
			isa = XCConfigurationList;
			buildConfigurations = (
				FEDC4CD31C9F000900D56320 /* Debug */,
				FEDC4CD41C9F000900D56320 /* Release */,
			);
			defaultConfigurationIsVisible = 0;
			defaultConfigurationName = Release;
		};
/* End XCConfigurationList section */
	};
	rootObject = FEDC4CC31C9F000900D56320 /* Project object */;
}
